%{"decorators": {:git, "git://github.com/chrisavl/erlang_decorators.git", "b14949efc938157604447adc29a71913298fe67f", [branch: "master"]},
  "edown": {:git, "git://github.com/uwiger/edown.git", "d864427506cd93a00712b7c3b9a89d793e7e1600", [branch: "master"]},
  "jiffy": {:git, "https://github.com/davisp/jiffy.git", "330f41c486cf949707eb494b855634df324a6d92", [ref: "master"]},
  "lhttpc": {:git, "git://github.com/ferd/lhttpc.git", "28d5562be7e53576b624a6f82deac7303ce8f2dd", [ref: "master"]},
  "newrelic": {:git, "https://github.com/wooga/newrelic-erlang.git", "ce63c4a69561d3677f45334ba2c93876b4661229", []},
  "parse_trans": {:git, "git://github.com/uwiger/parse_trans.git", "4fadce8a5242479b4ebc0d2b5825bdfe1de0af1c", [branch: "master"]},
  "plug": {:hex, :plug, "1.1.4"},
  "statman": {:git, "git://github.com/knutin/statman.git", "e6ff10815eac1e613b619e69db06d635f1a4a488", [ref: "master"]}}
